Microsoft Visual Studio Solution File, Format Version 12.00
# Visual Studio Version 17
VisualStudioVersion = 17.5.2.0
MinimumVisualStudioVersion = 10.0.40219.1
Project("{FAE04EC0-301F-11D3-BF4B-00C04F79EFBC}") = "pokete", "pokete.csproj", "{CF856B98-255F-DC35-C305-8B2EAE131855}"
EndProject
Global
	GlobalSection(SolutionConfigurationPlatforms) = preSolution
		Debug|Any CPU = Debug|Any CPU
		Release|Any CPU = Release|Any CPU
	EndGlobalSection
	GlobalSection(ProjectConfigurationPlatforms) = postSolution
		{CF856B98-255F-DC35-C305-8B2EAE131855}.Debug|Any CPU.ActiveCfg = Debug|Any CPU
		{CF856B98-255F-DC35-C305-8B2EAE131855}.Debug|Any CPU.Build.0 = Debug|Any CPU
		{CF856B98-255F-DC35-C305-8B2EAE131855}.Release|Any CPU.ActiveCfg = Release|Any CPU
		{CF856B98-255F-DC35-C305-8B2EAE131855}.Release|Any CPU.Build.0 = Release|Any CPU
	EndGlobalSection
	GlobalSection(SolutionProperties) = preSolution
		HideSolutionNode = FALSE
	EndGlobalSection
	GlobalSection(ExtensibilityGlobals) = postSolution
		SolutionGuid = {AA31BEDB-6A67-4283-8B9F-3495272833C5}
	EndGlobalSection
EndGlobal
